
Microsoft Visual Studio Solution File, Format Version 12.00
# Visual Studio Version 17
VisualStudioVersion = 17.5.33530.505
MinimumVisualStudioVersion = 10.0.40219.1
Project("{FAE04EC0-301F-11D3-BF4B-00C04F79EFBC}") = "ClassAdapter", "ClassAdapter\ClassAdapter.csproj", "{1F47493D-56FE-4382-B914-D674138F7918}"
EndProject
Global
	GlobalSection(SolutionConfigurationPlatforms) = preSolution
		Debug|Any CPU = Debug|Any CPU
		Release|Any CPU = Release|Any CPU
	EndGlobalSection
	GlobalSection(ProjectConfigurationPlatforms) = postSolution
		{1F47493D-56FE-4382-B914-D674138F7918}.Debug|Any CPU.ActiveCfg = Debug|Any CPU
		{1F47493D-56FE-4382-B914-D674138F7918}.Debug|Any CPU.Build.0 = Debug|Any CPU
		{1F47493D-56FE-4382-B914-D674138F7918}.Release|Any CPU.ActiveCfg = Release|Any CPU
		{1F47493D-56FE-4382-B914-D674138F7918}.Release|Any CPU.Build.0 = Release|Any CPU
	EndGlobalSection
	GlobalSection(SolutionProperties) = preSolution
		HideSolutionNode = FALSE
	EndGlobalSection
	GlobalSection(ExtensibilityGlobals) = postSolution
		SolutionGuid = {897AA0BA-4929-4B24-AEEB-1C734BDEC6A0}
	EndGlobalSection
EndGlobal
