
Microsoft Visual Studio Solution File, Format Version 12.00
# Visual Studio Version 17
VisualStudioVersion = 17.5.33516.290
MinimumVisualStudioVersion = 10.0.40219.1
Project("{FAE04EC0-301F-11D3-BF4B-00C04F79EFBC}") = "SimpleDependency", "SimpleDependency\SimpleDependency.csproj", "{CBC99343-5A51-4790-956D-A0A274D89D34}"
EndProject
Project("{FAE04EC0-301F-11D3-BF4B-00C04F79EFBC}") = "MessagePrinter", "MessagePrinter\MessagePrinter.csproj", "{EFA3085C-D026-436E-9931-F20DEAF411FC}"
EndProject
Global
	GlobalSection(SolutionConfigurationPlatforms) = preSolution
		Debug|Any CPU = Debug|Any CPU
		Release|Any CPU = Release|Any CPU
	EndGlobalSection
	GlobalSection(ProjectConfigurationPlatforms) = postSolution
		{CBC99343-5A51-4790-956D-A0A274D89D34}.Debug|Any CPU.ActiveCfg = Debug|Any CPU
		{CBC99343-5A51-4790-956D-A0A274D89D34}.Debug|Any CPU.Build.0 = Debug|Any CPU
		{CBC99343-5A51-4790-956D-A0A274D89D34}.Release|Any CPU.ActiveCfg = Release|Any CPU
		{CBC99343-5A51-4790-956D-A0A274D89D34}.Release|Any CPU.Build.0 = Release|Any CPU
		{EFA3085C-D026-436E-9931-F20DEAF411FC}.Debug|Any CPU.ActiveCfg = Debug|Any CPU
		{EFA3085C-D026-436E-9931-F20DEAF411FC}.Debug|Any CPU.Build.0 = Debug|Any CPU
		{EFA3085C-D026-436E-9931-F20DEAF411FC}.Release|Any CPU.ActiveCfg = Release|Any CPU
		{EFA3085C-D026-436E-9931-F20DEAF411FC}.Release|Any CPU.Build.0 = Release|Any CPU
	EndGlobalSection
	GlobalSection(SolutionProperties) = preSolution
		HideSolutionNode = FALSE
	EndGlobalSection
	GlobalSection(ExtensibilityGlobals) = postSolution
		SolutionGuid = {369FE8FB-E449-42D3-90D5-A70FEEF11A35}
	EndGlobalSection
EndGlobal
