
Microsoft Visual Studio Solution File, Format Version 12.00
# Visual Studio Version 17
VisualStudioVersion = 17.5.33516.290
MinimumVisualStudioVersion = 10.0.40219.1
Project("{FAE04EC0-301F-11D3-BF4B-00C04F79EFBC}") = "Sensors", "Mocks\Sensors.csproj", "{8A707525-6F70-4DE5-A478-E66EC8F06C06}"
EndProject
Project("{FAE04EC0-301F-11D3-BF4B-00C04F79EFBC}") = "TestProject1", "TestProject1\TestProject1.csproj", "{DD9B5E7C-B054-4B9E-AED5-93928B3A544D}"
EndProject
Global
	GlobalSection(SolutionConfigurationPlatforms) = preSolution
		Debug|Any CPU = Debug|Any CPU
		Release|Any CPU = Release|Any CPU
	EndGlobalSection
	GlobalSection(ProjectConfigurationPlatforms) = postSolution
		{8A707525-6F70-4DE5-A478-E66EC8F06C06}.Debug|Any CPU.ActiveCfg = Debug|Any CPU
		{8A707525-6F70-4DE5-A478-E66EC8F06C06}.Debug|Any CPU.Build.0 = Debug|Any CPU
		{8A707525-6F70-4DE5-A478-E66EC8F06C06}.Release|Any CPU.ActiveCfg = Release|Any CPU
		{8A707525-6F70-4DE5-A478-E66EC8F06C06}.Release|Any CPU.Build.0 = Release|Any CPU
		{DD9B5E7C-B054-4B9E-AED5-93928B3A544D}.Debug|Any CPU.ActiveCfg = Debug|Any CPU
		{DD9B5E7C-B054-4B9E-AED5-93928B3A544D}.Debug|Any CPU.Build.0 = Debug|Any CPU
		{DD9B5E7C-B054-4B9E-AED5-93928B3A544D}.Release|Any CPU.ActiveCfg = Release|Any CPU
		{DD9B5E7C-B054-4B9E-AED5-93928B3A544D}.Release|Any CPU.Build.0 = Release|Any CPU
	EndGlobalSection
	GlobalSection(SolutionProperties) = preSolution
		HideSolutionNode = FALSE
	EndGlobalSection
	GlobalSection(ExtensibilityGlobals) = postSolution
		SolutionGuid = {C02ACA8C-D5EF-458B-9104-91F499CFEC35}
	EndGlobalSection
EndGlobal
